// !$*UTF8*$!
{
	archiveVersion = 1;
	classes = {
	};
	objectVersion = 46;
	objects = {

/* Begin PBXBuildFile section */
		DC5E637F1AE99FCB002C4B49 /* pageTwoViewController.m in Sources */ = {isa = PBXBuildFile; fileRef = DC5E637E1AE99FCB002C4B49 /* pageTwoViewController.m */; };
		DCEA62B01AEEE1D70059825E /* SystemConfiguration.framework in Frameworks */ = {isa = PBXBuildFile; fileRef = DCEA62AF1AEEE1D70059825E /* SystemConfiguration.framework */; };
		F48235D31AED97F1000BB1B4 /* pageThreeViewController.m in Sources */ = {isa = PBXBuildFile; fileRef = F48235D21AED97F1000BB1B4 /* pageThreeViewController.m */; };
		F48235D61AEDBB66000BB1B4 /* Reachability.m in Sources */ = {isa = PBXBuildFile; fileRef = F48235D51AEDBB66000BB1B4 /* Reachability.m */; };
		F4D073791AE8A97200909814 /* main.m in Sources */ = {isa = PBXBuildFile; fileRef = F4D073781AE8A97200909814 /* main.m */; };
		F4D0737C1AE8A97200909814 /* AppDelegate.m in Sources */ = {isa = PBXBuildFile; fileRef = F4D0737B1AE8A97200909814 /* AppDelegate.m */; };
		F4D0737F1AE8A97200909814 /* ViewController.m in Sources */ = {isa = PBXBuildFile; fileRef = F4D0737E1AE8A97200909814 /* ViewController.m */; };
		F4D073821AE8A97200909814 /* Main.storyboard in Resources */ = {isa = PBXBuildFile; fileRef = F4D073801AE8A97200909814 /* Main.storyboard */; };
		F4D073841AE8A97200909814 /* Images.xcassets in Resources */ = {isa = PBXBuildFile; fileRef = F4D073831AE8A97200909814 /* Images.xcassets */; };
		F4D073871AE8A97200909814 /* LaunchScreen.xib in Resources */ = {isa = PBXBuildFile; fileRef = F4D073851AE8A97200909814 /* LaunchScreen.xib */; };
		F4D073931AE8A97200909814 /* ShareFiTests.m in Sources */ = {isa = PBXBuildFile; fileRef = F4D073921AE8A97200909814 /* ShareFiTests.m */; };
/* End PBXBuildFile section */

/* Begin PBXContainerItemProxy section */
		F4D0738D1AE8A97200909814 /* PBXContainerItemProxy */ = {
			isa = PBXContainerItemProxy;
			containerPortal = F4D0736B1AE8A97200909814 /* Project object */;
			proxyType = 1;
			remoteGlobalIDString = F4D073721AE8A97200909814;
			remoteInfo = ShareFi;
		};
/* End PBXContainerItemProxy section */

/* Begin PBXFileReference section */
		DC5E637D1AE99FCB002C4B49 /* pageTwoViewController.h */ = {isa = PBXFileReference; fileEncoding = 4; lastKnownFileType = sourcecode.c.h; path = pageTwoViewController.h; sourceTree = "<group>"; };
		DC5E637E1AE99FCB002C4B49 /* pageTwoViewController.m */ = {isa = PBXFileReference; fileEncoding = 4; lastKnownFileType = sourcecode.c.objc; path = pageTwoViewController.m; sourceTree = "<group>"; };
		DCEA62AF1AEEE1D70059825E /* SystemConfiguration.framework */ = {isa = PBXFileReference; lastKnownFileType = wrapper.framework; name = SystemConfiguration.framework; path = System/Library/Frameworks/SystemConfiguration.framework; sourceTree = SDKROOT; };
		F47EFAC21AEAC2A400372FAC /* ShareFi.entitlements */ = {isa = PBXFileReference; lastKnownFileType = text.xml; path = ShareFi.entitlements; sourceTree = "<group>"; };
		F48235D11AED97F1000BB1B4 /* pageThreeViewController.h */ = {isa = PBXFileReference; fileEncoding = 4; lastKnownFileType = sourcecode.c.h; path = pageThreeViewController.h; sourceTree = "<group>"; };
		F48235D21AED97F1000BB1B4 /* pageThreeViewController.m */ = {isa = PBXFileReference; fileEncoding = 4; lastKnownFileType = sourcecode.c.objc; path = pageThreeViewController.m; sourceTree = "<group>"; };
		F48235D41AEDBB66000BB1B4 /* Reachability.h */ = {isa = PBXFileReference; fileEncoding = 4; lastKnownFileType = sourcecode.c.h; path = Reachability.h; sourceTree = "<group>"; };
		F48235D51AEDBB66000BB1B4 /* Reachability.m */ = {isa = PBXFileReference; fileEncoding = 4; lastKnownFileType = sourcecode.c.objc; path = Reachability.m; sourceTree = "<group>"; };
		F4D073731AE8A97200909814 /* ShareFi.app */ = {isa = PBXFileReference; explicitFileType = wrapper.application; includeInIndex = 0; path = ShareFi.app; sourceTree = BUILT_PRODUCTS_DIR; };
		F4D073771AE8A97200909814 /* Info.plist */ = {isa = PBXFileReference; lastKnownFileType = text.plist.xml; path = Info.plist; sourceTree = "<group>"; };
		F4D073781AE8A97200909814 /* main.m */ = {isa = PBXFileReference; lastKnownFileType = sourcecode.c.objc; path = main.m; sourceTree = "<group>"; };
		F4D0737A1AE8A97200909814 /* AppDelegate.h */ = {isa = PBXFileReference; lastKnownFileType = sourcecode.c.h; path = AppDelegate.h; sourceTree = "<group>"; };
		F4D0737B1AE8A97200909814 /* AppDelegate.m */ = {isa = PBXFileReference; lastKnownFileType = sourcecode.c.objc; path = AppDelegate.m; sourceTree = "<group>"; };
		F4D0737D1AE8A97200909814 /* ViewController.h */ = {isa = PBXFileReference; lastKnownFileType = sourcecode.c.h; path = ViewController.h; sourceTree = "<group>"; };
		F4D0737E1AE8A97200909814 /* ViewController.m */ = {isa = PBXFileReference; lastKnownFileType = sourcecode.c.objc; path = ViewController.m; sourceTree = "<group>"; };
		F4D073811AE8A97200909814 /* Base */ = {isa = PBXFileReference; lastKnownFileType = file.storyboard; name = Base; path = Base.lproj/Main.storyboard; sourceTree = "<group>"; };
		F4D073831AE8A97200909814 /* Images.xcassets */ = {isa = PBXFileReference; lastKnownFileType = folder.assetcatalog; path = Images.xcassets; sourceTree = "<group>"; };
		F4D073861AE8A97200909814 /* Base */ = {isa = PBXFileReference; lastKnownFileType = file.xib; name = Base; path = Base.lproj/LaunchScreen.xib; sourceTree = "<group>"; };
		F4D0738C1AE8A97200909814 /* ShareFiTests.xctest */ = {isa = PBXFileReference; explicitFileType = wrapper.cfbundle; includeInIndex = 0; path = ShareFiTests.xctest; sourceTree = BUILT_PRODUCTS_DIR; };
		F4D073911AE8A97200909814 /* Info.plist */ = {isa = PBXFileReference; lastKnownFileType = text.plist.xml; path = Info.plist; sourceTree = "<group>"; };
		F4D073921AE8A97200909814 /* ShareFiTests.m */ = {isa = PBXFileReference; lastKnownFileType = sourcecode.c.objc; path = ShareFiTests.m; sourceTree = "<group>"; };
/* End PBXFileReference section */

/* Begin PBXFrameworksBuildPhase section */
		F4D073701AE8A97200909814 /* Frameworks */ = {
			isa = PBXFrameworksBuildPhase;
			buildActionMask = 2147483647;
			files = (
				DCEA62B01AEEE1D70059825E /* SystemConfiguration.framework in Frameworks */,
			);
			runOnlyForDeploymentPostprocessing = 0;
		};
		F4D073891AE8A97200909814 /* Frameworks */ = {
			isa = PBXFrameworksBuildPhase;
			buildActionMask = 2147483647;
			files = (
			);
			runOnlyForDeploymentPostprocessing = 0;
		};
/* End PBXFrameworksBuildPhase section */

/* Begin PBXGroup section */
		F4D0736A1AE8A97200909814 = {
			isa = PBXGroup;
			children = (
				DCEA62AF1AEEE1D70059825E /* SystemConfiguration.framework */,
				F4D073751AE8A97200909814 /* ShareFi */,
				F4D0738F1AE8A97200909814 /* ShareFiTests */,
				F4D073741AE8A97200909814 /* Products */,
			);
			sourceTree = "<group>";
		};
		F4D073741AE8A97200909814 /* Products */ = {
			isa = PBXGroup;
			children = (
				F4D073731AE8A97200909814 /* ShareFi.app */,
				F4D0738C1AE8A97200909814 /* ShareFiTests.xctest */,
			);
			name = Products;
			sourceTree = "<group>";
		};
		F4D073751AE8A97200909814 /* ShareFi */ = {
			isa = PBXGroup;
			children = (
				F47EFAC21AEAC2A400372FAC /* ShareFi.entitlements */,
				F4D0737D1AE8A97200909814 /* ViewController.h */,
				F4D0737E1AE8A97200909814 /* ViewController.m */,
				F48235D41AEDBB66000BB1B4 /* Reachability.h */,
				F48235D51AEDBB66000BB1B4 /* Reachability.m */,
				DC5E637D1AE99FCB002C4B49 /* pageTwoViewController.h */,
				DC5E637E1AE99FCB002C4B49 /* pageTwoViewController.m */,
				F48235D11AED97F1000BB1B4 /* pageThreeViewController.h */,
				F48235D21AED97F1000BB1B4 /* pageThreeViewController.m */,
				F4D0737B1AE8A97200909814 /* AppDelegate.m */,
				F4D0737A1AE8A97200909814 /* AppDelegate.h */,
				F4D073801AE8A97200909814 /* Main.storyboard */,
				F4D073831AE8A97200909814 /* Images.xcassets */,
				F4D073851AE8A97200909814 /* LaunchScreen.xib */,
				F4D073761AE8A97200909814 /* Supporting Files */,
			);
			path = ShareFi;
			sourceTree = "<group>";
		};
		F4D073761AE8A97200909814 /* Supporting Files */ = {
			isa = PBXGroup;
			children = (
				F4D073771AE8A97200909814 /* Info.plist */,
				F4D073781AE8A97200909814 /* main.m */,
			);
			name = "Supporting Files";
			sourceTree = "<group>";
		};
		F4D0738F1AE8A97200909814 /* ShareFiTests */ = {
			isa = PBXGroup;
			children = (
				F4D073921AE8A97200909814 /* ShareFiTests.m */,
				F4D073901AE8A97200909814 /* Supporting Files */,
			);
			path = ShareFiTests;
			sourceTree = "<group>";
		};
		F4D073901AE8A97200909814 /* Supporting Files */ = {
			isa = PBXGroup;
			children = (
				F4D073911AE8A97200909814 /* Info.plist */,
			);
			name = "Supporting Files";
			sourceTree = "<group>";
		};
/* End PBXGroup section */

/* Begin PBXNativeTarget section */
		F4D073721AE8A97200909814 /* ShareFi */ = {
			isa = PBXNativeTarget;
			buildConfigurationList = F4D073961AE8A97200909814 /* Build configuration list for PBXNativeTarget "ShareFi" */;
			buildPhases = (
				F4D0736F1AE8A97200909814 /* Sources */,
				F4D073701AE8A97200909814 /* Frameworks */,
				F4D073711AE8A97200909814 /* Resources */,
			);
			buildRules = (
			);
			dependencies = (
			);
			name = ShareFi;
			productName = ShareFi;
			productReference = F4D073731AE8A97200909814 /* ShareFi.app */;
			productType = "com.apple.product-type.application";
		};
		F4D0738B1AE8A97200909814 /* ShareFiTests */ = {
			isa = PBXNativeTarget;
			buildConfigurationList = F4D073991AE8A97200909814 /* Build configuration list for PBXNativeTarget "ShareFiTests" */;
			buildPhases = (
				F4D073881AE8A97200909814 /* Sources */,
				F4D073891AE8A97200909814 /* Frameworks */,
				F4D0738A1AE8A97200909814 /* Resources */,
			);
			buildRules = (
			);
			dependencies = (
				F4D0738E1AE8A97200909814 /* PBXTargetDependency */,
			);
			name = ShareFiTests;
			productName = ShareFiTests;
			productReference = F4D0738C1AE8A97200909814 /* ShareFiTests.xctest */;
			productType = "com.apple.product-type.bundle.unit-test";
		};
/* End PBXNativeTarget section */

/* Begin PBXProject section */
		F4D0736B1AE8A97200909814 /* Project object */ = {
			isa = PBXProject;
			attributes = {
				LastUpgradeCheck = 0630;
				ORGANIZATIONNAME = "Miles Bernhard";
				TargetAttributes = {
					F4D073721AE8A97200909814 = {
						CreatedOnToolsVersion = 6.3.1;
						DevelopmentTeam = H748CUNQU5;
						SystemCapabilities = {
							com.apple.VPNLite = {
								enabled = 0;
							};
						};
					};
					F4D0738B1AE8A97200909814 = {
						CreatedOnToolsVersion = 6.3.1;
						TestTargetID = F4D073721AE8A97200909814;
					};
				};
			};
			buildConfigurationList = F4D0736E1AE8A97200909814 /* Build configuration list for PBXProject "ShareFi" */;
			compatibilityVersion = "Xcode 3.2";
			developmentRegion = English;
			hasScannedForEncodings = 0;
			knownRegions = (
				en,
				Base,
			);
			mainGroup = F4D0736A1AE8A97200909814;
			productRefGroup = F4D073741AE8A97200909814 /* Products */;
			projectDirPath = "";
			projectRoot = "";
			targets = (
				F4D073721AE8A97200909814 /* ShareFi */,
				F4D0738B1AE8A97200909814 /* ShareFiTests */,
			);
		};
/* End PBXProject section */

/* Begin PBXResourcesBuildPhase section */
		F4D073711AE8A97200909814 /* Resources */ = {
			isa = PBXResourcesBuildPhase;
			buildActionMask = 2147483647;
			files = (
				F4D073821AE8A97200909814 /* Main.storyboard in Resources */,
				F4D073871AE8A97200909814 /* LaunchScreen.xib in Resources */,
				F4D073841AE8A97200909814 /* Images.xcassets in Resources */,
			);
			runOnlyForDeploymentPostprocessing = 0;
		};
		F4D0738A1AE8A97200909814 /* Resources */ = {
			isa = PBXResourcesBuildPhase;
			buildActionMask = 2147483647;
			files = (
			);
			runOnlyForDeploymentPostprocessing = 0;
		};
/* End PBXResourcesBuildPhase section */

/* Begin PBXSourcesBuildPhase section */
		F4D0736F1AE8A97200909814 /* Sources */ = {
			isa = PBXSourcesBuildPhase;
			buildActionMask = 2147483647;
			files = (
				DC5E637F1AE99FCB002C4B49 /* pageTwoViewController.m in Sources */,
				F4D0737F1AE8A97200909814 /* ViewController.m in Sources */,
				F4D0737C1AE8A97200909814 /* AppDelegate.m in Sources */,
				F4D073791AE8A97200909814 /* main.m in Sources */,
				F48235D61AEDBB66000BB1B4 /* Reachability.m in Sources */,
				F48235D31AED97F1000BB1B4 /* pageThreeViewController.m in Sources */,
			);
			runOnlyForDeploymentPostprocessing = 0;
		};
		F4D073881AE8A97200909814 /* Sources */ = {
			isa = PBXSourcesBuildPhase;
			buildActionMask = 2147483647;
			files = (
				F4D073931AE8A97200909814 /* ShareFiTests.m in Sources */,
			);
			runOnlyForDeploymentPostprocessing = 0;
		};
/* End PBXSourcesBuildPhase section */

/* Begin PBXTargetDependency section */
		F4D0738E1AE8A97200909814 /* PBXTargetDependency */ = {
			isa = PBXTargetDependency;
			target = F4D073721AE8A97200909814 /* ShareFi */;
			targetProxy = F4D0738D1AE8A97200909814 /* PBXContainerItemProxy */;
		};
/* End PBXTargetDependency section */

/* Begin PBXVariantGroup section */
		F4D073801AE8A97200909814 /* Main.storyboard */ = {
			isa = PBXVariantGroup;
			children = (
				F4D073811AE8A97200909814 /* Base */,
			);
			name = Main.storyboard;
			sourceTree = "<group>";
		};
		F4D073851AE8A97200909814 /* LaunchScreen.xib */ = {
			isa = PBXVariantGroup;
			children = (
				F4D073861AE8A97200909814 /* Base */,
			);
			name = LaunchScreen.xib;
			sourceTree = "<group>";
		};
/* End PBXVariantGroup section */

/* Begin XCBuildConfiguration section */
		F4D073941AE8A97200909814 /* Debug */ = {
			isa = XCBuildConfiguration;
			buildSettings = {
				ALWAYS_SEARCH_USER_PATHS = NO;
				CLANG_CXX_LANGUAGE_STANDARD = "gnu++0x";
				CLANG_CXX_LIBRARY = "libc++";
				CLANG_ENABLE_MODULES = YES;
				CLANG_ENABLE_OBJC_ARC = YES;
				CLANG_WARN_BOOL_CONVERSION = YES;
				CLANG_WARN_CONSTANT_CONVERSION = YES;
				CLANG_WARN_DIRECT_OBJC_ISA_USAGE = YES_ERROR;
				CLANG_WARN_EMPTY_BODY = YES;
				CLANG_WARN_ENUM_CONVERSION = YES;
				CLANG_WARN_INT_CONVERSION = YES;
				CLANG_WARN_OBJC_ROOT_CLASS = YES_ERROR;
				CLANG_WARN_UNREACHABLE_CODE = YES;
				CLANG_WARN__DUPLICATE_METHOD_MATCH = YES;
				"CODE_SIGN_IDENTITY[sdk=iphoneos*]" = "iPhone Developer";
				COPY_PHASE_STRIP = NO;
				DEBUG_INFORMATION_FORMAT = "dwarf-with-dsym";
				ENABLE_STRICT_OBJC_MSGSEND = YES;
				GCC_C_LANGUAGE_STANDARD = gnu99;
				GCC_DYNAMIC_NO_PIC = NO;
				GCC_NO_COMMON_BLOCKS = YES;
				GCC_OPTIMIZATION_LEVEL = 0;
				GCC_PREPROCESSOR_DEFINITIONS = (
					"DEBUG=1",
					"$(inherited)",
				);
				GCC_SYMBOLS_PRIVATE_EXTERN = NO;
				GCC_WARN_64_TO_32_BIT_CONVERSION = YES;
				GCC_WARN_ABOUT_RETURN_TYPE = YES_ERROR;
				GCC_WARN_UNDECLARED_SELECTOR = YES;
				GCC_WARN_UNINITIALIZED_AUTOS = YES_AGGRESSIVE;
				GCC_WARN_UNUSED_FUNCTION = YES;
				GCC_WARN_UNUSED_VARIABLE = YES;
				IPHONEOS_DEPLOYMENT_TARGET = 8.3;
				MTL_ENABLE_DEBUG_INFO = YES;
				ONLY_ACTIVE_ARCH = YES;
				SDKROOT = iphoneos;
			};
			name = Debug;
		};
		F4D073951AE8A97200909814 /* Release */ = {
			isa = XCBuildConfiguration;
			buildSettings = {
				ALWAYS_SEARCH_USER_PATHS = NO;
				CLANG_CXX_LANGUAGE_STANDARD = "gnu++0x";
				CLANG_CXX_LIBRARY = "libc++";
				CLANG_ENABLE_MODULES = YES;
				CLANG_ENABLE_OBJC_ARC = YES;
				CLANG_WARN_BOOL_CONVERSION = YES;
				CLANG_WARN_CONSTANT_CONVERSION = YES;
				CLANG_WARN_DIRECT_OBJC_ISA_USAGE = YES_ERROR;
				CLANG_WARN_EMPTY_BODY = YES;
				CLANG_WARN_ENUM_CONVERSION = YES;
				CLANG_WARN_INT_CONVERSION = YES;
				CLANG_WARN_OBJC_ROOT_CLASS = YES_ERROR;
				CLANG_WARN_UNREACHABLE_CODE = YES;
				CLANG_WARN__DUPLICATE_METHOD_MATCH = YES;
				"CODE_SIGN_IDENTITY[sdk=iphoneos*]" = "iPhone Developer";
				COPY_PHASE_STRIP = NO;
				DEBUG_INFORMATION_FORMAT = "dwarf-with-dsym";
				ENABLE_NS_ASSERTIONS = NO;
				ENABLE_STRICT_OBJC_MSGSEND = YES;
				GCC_C_LANGUAGE_STANDARD = gnu99;
				GCC_NO_COMMON_BLOCKS = YES;
				GCC_WARN_64_TO_32_BIT_CONVERSION = YES;
				GCC_WARN_ABOUT_RETURN_TYPE = YES_ERROR;
				GCC_WARN_UNDECLARED_SELECTOR = YES;
				GCC_WARN_UNINITIALIZED_AUTOS = YES_AGGRESSIVE;
				GCC_WARN_UNUSED_FUNCTION = YES;
				GCC_WARN_UNUSED_VARIABLE = YES;
				IPHONEOS_DEPLOYMENT_TARGET = 8.3;
				MTL_ENABLE_DEBUG_INFO = NO;
				SDKROOT = iphoneos;
				VALIDATE_PRODUCT = YES;
			};
			name = Release;
		};
		F4D073971AE8A97200909814 /* Debug */ = {
			isa = XCBuildConfiguration;
			buildSettings = {
				ASSETCATALOG_COMPILER_APPICON_NAME = AppIcon;
				CODE_SIGN_IDENTITY = "iPhone Developer";
				"CODE_SIGN_IDENTITY[sdk=*]" = "iPhone Developer";
				"CODE_SIGN_IDENTITY[sdk=iphoneos*]" = "iPhone Developer";
				INFOPLIST_FILE = ShareFi/Info.plist;
				IPHONEOS_DEPLOYMENT_TARGET = 8.1;
				LD_RUNPATH_SEARCH_PATHS = "$(inherited) @executable_path/Frameworks";
				PRODUCT_NAME = "$(TARGET_NAME)";
				PROVISIONING_PROFILE = "";
				TARGETED_DEVICE_FAMILY = "1,2";
			};
			name = Debug;
		};
		F4D073981AE8A97200909814 /* Release */ = {
			isa = XCBuildConfiguration;
			buildSettings = {
				ASSETCATALOG_COMPILER_APPICON_NAME = AppIcon;
				CODE_SIGN_IDENTITY = "iPhone Developer";
				"CODE_SIGN_IDENTITY[sdk=iphoneos*]" = "iPhone Developer";
				INFOPLIST_FILE = ShareFi/Info.plist;
				IPHONEOS_DEPLOYMENT_TARGET = 8.1;
				LD_RUNPATH_SEARCH_PATHS = "$(inherited) @executable_path/Frameworks";
				PRODUCT_NAME = "$(TARGET_NAME)";
				PROVISIONING_PROFILE = "";
				TARGETED_DEVICE_FAMILY = "1,2";
			};
			name = Release;
		};
		F4D0739A1AE8A97200909814 /* Debug */ = {
			isa = XCBuildConfiguration;
			buildSettings = {
				BUNDLE_LOADER = "$(TEST_HOST)";
				FRAMEWORK_SEARCH_PATHS = (
					"$(SDKROOT)/Developer/Library/Frameworks",
					"$(inherited)",
				);
				GCC_PREPROCESSOR_DEFINITIONS = (
					"DEBUG=1",
					"$(inherited)",
				);
				INFOPLIST_FILE = ShareFiTests/Info.plist;
				LD_RUNPATH_SEARCH_PATHS = "$(inherited) @executable_path/Frameworks @loader_path/Frameworks";
				PRODUCT_NAME = "$(TARGET_NAME)";
				TEST_HOST = "$(BUILT_PRODUCTS_DIR)/ShareFi.app/ShareFi";
			};
			name = Debug;
		};
		F4D0739B1AE8A97200909814 /* Release */ = {
			isa = XCBuildConfiguration;
			buildSettings = {
				BUNDLE_LOADER = "$(TEST_HOST)";
				FRAMEWORK_SEARCH_PATHS = (
					"$(SDKROOT)/Developer/Library/Frameworks",
					"$(inherited)",
				);
				INFOPLIST_FILE = ShareFiTests/Info.plist;
				LD_RUNPATH_SEARCH_PATHS = "$(inherited) @executable_path/Frameworks @loader_path/Frameworks";
				PRODUCT_NAME = "$(TARGET_NAME)";
				TEST_HOST = "$(BUILT_PRODUCTS_DIR)/ShareFi.app/ShareFi";
			};
			name = Release;
		};
/* End XCBuildConfiguration section */

/* Begin XCConfigurationList section */
		F4D0736E1AE8A97200909814 /* Build configuration list for PBXProject "ShareFi" */ = {
			isa = XCConfigurationList;
			buildConfigurations = (
				F4D073941AE8A97200909814 /* Debug */,
				F4D073951AE8A97200909814 /* Release */,
			);
			defaultConfigurationIsVisible = 0;
			defaultConfigurationName = Release;
		};
		F4D073961AE8A97200909814 /* Build configuration list for PBXNativeTarget "ShareFi" */ = {
			isa = XCConfigurationList;
			buildConfigurations = (
				F4D073971AE8A97200909814 /* Debug */,
				F4D073981AE8A97200909814 /* Release */,
			);
			defaultConfigurationIsVisible = 0;
			defaultConfigurationName = Release;
		};
		F4D073991AE8A97200909814 /* Build configuration list for PBXNativeTarget "ShareFiTests" */ = {
			isa = XCConfigurationList;
			buildConfigurations = (
				F4D0739A1AE8A97200909814 /* Debug */,
				F4D0739B1AE8A97200909814 /* Release */,
			);
			defaultConfigurationIsVisible = 0;
			defaultConfigurationName = Release;
		};
/* End XCConfigurationList section */
	};
	rootObject = F4D0736B1AE8A97200909814 /* Project object */;
}
